{
    "name": "@cloud-magix/lib-b",
    "version": "0.0.2",
    "lockfileVersion": 2,
    "requires": true,
    "packages": {
        "": {
            "name": "@cloud-magix/lib-b",
            "version": "0.0.2",
            "license": "MIT"
        },
        "libs/lib-a": {
            "extraneous": true
        }
    }
}
